{
  "name": "hackathon-9-mei",
  "requires": true,
  "lockfileVersion": 1,
  "dependencies": {
    "grunt-regex-replace": {
      "version": "0.4.0",
      "resolved": "https://registry.npmjs.org/grunt-regex-replace/-/grunt-regex-replace-0.4.0.tgz",
      "integrity": "sha1-SXO+vVSjF8tjCWSsKMmxcTAighw=",
      "dev": true
    }
  }
}
